// !$*UTF8*$!
{
	archiveVersion = 1;
	classes = {
	};
	objectVersion = 50;
	objects = {

/* Begin PBXBuildFile section */
		BE648FDB239F57BE00EB28E9 /* AppDelegate.swift in Sources */ = {isa = PBXBuildFile; fileRef = BE648FDA239F57BE00EB28E9 /* AppDelegate.swift */; };
		BE648FDD239F57BE00EB28E9 /* SceneDelegate.swift in Sources */ = {isa = PBXBuildFile; fileRef = BE648FDC239F57BE00EB28E9 /* SceneDelegate.swift */; };
		BE648FDF239F57BE00EB28E9 /* ViewController.swift in Sources */ = {isa = PBXBuildFile; fileRef = BE648FDE239F57BE00EB28E9 /* ViewController.swift */; };
		BE648FE2239F57BE00EB28E9 /* Main.storyboard in Resources */ = {isa = PBXBuildFile; fileRef = BE648FE0239F57BE00EB28E9 /* Main.storyboard */; };
		BE648FE4239F57C200EB28E9 /* Assets.xcassets in Resources */ = {isa = PBXBuildFile; fileRef = BE648FE3239F57C200EB28E9 /* Assets.xcassets */; };
		BE648FE7239F57C200EB28E9 /* LaunchScreen.storyboard in Resources */ = {isa = PBXBuildFile; fileRef = BE648FE5239F57C200EB28E9 /* LaunchScreen.storyboard */; };
		BE648FF3239F5DB600EB28E9 /* Card.swift in Sources */ = {isa = PBXBuildFile; fileRef = BE648FF2239F5DB600EB28E9 /* Card.swift */; };
		BE648FF7239F628600EB28E9 /* Set.swift in Sources */ = {isa = PBXBuildFile; fileRef = BE648FF6239F628600EB28E9 /* Set.swift */; };
		BE648FF9239F638400EB28E9 /* Sets.swift in Sources */ = {isa = PBXBuildFile; fileRef = BE648FF8239F638400EB28E9 /* Sets.swift */; };
		BE648FFB239F7EC000EB28E9 /* DetailViewController.swift in Sources */ = {isa = PBXBuildFile; fileRef = BE648FFA239F7EC000EB28E9 /* DetailViewController.swift */; };
		BE6648E923A14B1E00E5D2E8 /* SearchTableViewController.swift in Sources */ = {isa = PBXBuildFile; fileRef = BE6648E823A14B1E00E5D2E8 /* SearchTableViewController.swift */; };
		BE6648EB23A14EAC00E5D2E8 /* Model.swift in Sources */ = {isa = PBXBuildFile; fileRef = BE6648EA23A14EAC00E5D2E8 /* Model.swift */; };
		BE70862A23A2208600959FDE /* TradeViewController.swift in Sources */ = {isa = PBXBuildFile; fileRef = BE70862923A2208600959FDE /* TradeViewController.swift */; };
		BEFACC8223A0194F002B153F /* Cards.swift in Sources */ = {isa = PBXBuildFile; fileRef = BEFACC8123A0194F002B153F /* Cards.swift */; };
		BEFACC8423A031B7002B153F /* ExpansionViewController.swift in Sources */ = {isa = PBXBuildFile; fileRef = BEFACC8323A031B7002B153F /* ExpansionViewController.swift */; };
/* End PBXBuildFile section */

/* Begin PBXFileReference section */
		BE648FD7239F57BE00EB28E9 /* MtgTraders.app */ = {isa = PBXFileReference; explicitFileType = wrapper.application; includeInIndex = 0; path = MtgTraders.app; sourceTree = BUILT_PRODUCTS_DIR; };
		BE648FDA239F57BE00EB28E9 /* AppDelegate.swift */ = {isa = PBXFileReference; lastKnownFileType = sourcecode.swift; path = AppDelegate.swift; sourceTree = "<group>"; };
		BE648FDC239F57BE00EB28E9 /* SceneDelegate.swift */ = {isa = PBXFileReference; lastKnownFileType = sourcecode.swift; path = SceneDelegate.swift; sourceTree = "<group>"; };
		BE648FDE239F57BE00EB28E9 /* ViewController.swift */ = {isa = PBXFileReference; lastKnownFileType = sourcecode.swift; path = ViewController.swift; sourceTree = "<group>"; };
		BE648FE1239F57BE00EB28E9 /* Base */ = {isa = PBXFileReference; lastKnownFileType = file.storyboard; name = Base; path = Base.lproj/Main.storyboard; sourceTree = "<group>"; };
		BE648FE3239F57C200EB28E9 /* Assets.xcassets */ = {isa = PBXFileReference; lastKnownFileType = folder.assetcatalog; path = Assets.xcassets; sourceTree = "<group>"; };
		BE648FE6239F57C200EB28E9 /* Base */ = {isa = PBXFileReference; lastKnownFileType = file.storyboard; name = Base; path = Base.lproj/LaunchScreen.storyboard; sourceTree = "<group>"; };
		BE648FE8239F57C200EB28E9 /* Info.plist */ = {isa = PBXFileReference; lastKnownFileType = text.plist.xml; path = Info.plist; sourceTree = "<group>"; };
		BE648FF2239F5DB600EB28E9 /* Card.swift */ = {isa = PBXFileReference; lastKnownFileType = sourcecode.swift; path = Card.swift; sourceTree = "<group>"; };
		BE648FF6239F628600EB28E9 /* Set.swift */ = {isa = PBXFileReference; lastKnownFileType = sourcecode.swift; path = Set.swift; sourceTree = "<group>"; };
		BE648FF8239F638400EB28E9 /* Sets.swift */ = {isa = PBXFileReference; lastKnownFileType = sourcecode.swift; path = Sets.swift; sourceTree = "<group>"; };
		BE648FFA239F7EC000EB28E9 /* DetailViewController.swift */ = {isa = PBXFileReference; lastKnownFileType = sourcecode.swift; path = DetailViewController.swift; sourceTree = "<group>"; };
		BE6648E823A14B1E00E5D2E8 /* SearchTableViewController.swift */ = {isa = PBXFileReference; lastKnownFileType = sourcecode.swift; path = SearchTableViewController.swift; sourceTree = "<group>"; };
		BE6648EA23A14EAC00E5D2E8 /* Model.swift */ = {isa = PBXFileReference; lastKnownFileType = sourcecode.swift; path = Model.swift; sourceTree = "<group>"; };
		BE70862923A2208600959FDE /* TradeViewController.swift */ = {isa = PBXFileReference; lastKnownFileType = sourcecode.swift; path = TradeViewController.swift; sourceTree = "<group>"; };
		BEFACC8123A0194F002B153F /* Cards.swift */ = {isa = PBXFileReference; lastKnownFileType = sourcecode.swift; path = Cards.swift; sourceTree = "<group>"; };
		BEFACC8323A031B7002B153F /* ExpansionViewController.swift */ = {isa = PBXFileReference; lastKnownFileType = sourcecode.swift; path = ExpansionViewController.swift; sourceTree = "<group>"; };
/* End PBXFileReference section */

/* Begin PBXFrameworksBuildPhase section */
		BE648FD4239F57BE00EB28E9 /* Frameworks */ = {
			isa = PBXFrameworksBuildPhase;
			buildActionMask = 2147483647;
			files = (
			);
			runOnlyForDeploymentPostprocessing = 0;
		};
/* End PBXFrameworksBuildPhase section */

/* Begin PBXGroup section */
		BE648FCE239F57BE00EB28E9 = {
			isa = PBXGroup;
			children = (
				BE648FD9239F57BE00EB28E9 /* MtgTraders */,
				BE648FD8239F57BE00EB28E9 /* Products */,
			);
			sourceTree = "<group>";
		};
		BE648FD8239F57BE00EB28E9 /* Products */ = {
			isa = PBXGroup;
			children = (
				BE648FD7239F57BE00EB28E9 /* MtgTraders.app */,
			);
			name = Products;
			sourceTree = "<group>";
		};
		BE648FD9239F57BE00EB28E9 /* MtgTraders */ = {
			isa = PBXGroup;
			children = (
				BE648FDA239F57BE00EB28E9 /* AppDelegate.swift */,
				BE648FDC239F57BE00EB28E9 /* SceneDelegate.swift */,
				BE648FDE239F57BE00EB28E9 /* ViewController.swift */,
				BE648FFA239F7EC000EB28E9 /* DetailViewController.swift */,
				BE648FE0239F57BE00EB28E9 /* Main.storyboard */,
				BE70862923A2208600959FDE /* TradeViewController.swift */,
				BE6648E823A14B1E00E5D2E8 /* SearchTableViewController.swift */,
				BEFACC8323A031B7002B153F /* ExpansionViewController.swift */,
				BE6648EA23A14EAC00E5D2E8 /* Model.swift */,
				BE6C647023A06315003C6860 /* Support */,
				BE6C646F23A062F9003C6860 /* Structs */,
				BE648FE8239F57C200EB28E9 /* Info.plist */,
			);
			path = MtgTraders;
			sourceTree = "<group>";
		};
		BE6C646F23A062F9003C6860 /* Structs */ = {
			isa = PBXGroup;
			children = (
				BEFACC8123A0194F002B153F /* Cards.swift */,
				BE648FF2239F5DB600EB28E9 /* Card.swift */,
				BE648FF8239F638400EB28E9 /* Sets.swift */,
				BE648FF6239F628600EB28E9 /* Set.swift */,
			);
			path = Structs;
			sourceTree = "<group>";
		};
		BE6C647023A06315003C6860 /* Support */ = {
			isa = PBXGroup;
			children = (
				BE648FE3239F57C200EB28E9 /* Assets.xcassets */,
				BE648FE5239F57C200EB28E9 /* LaunchScreen.storyboard */,
			);
			path = Support;
			sourceTree = "<group>";
		};
/* End PBXGroup section */

/* Begin PBXNativeTarget section */
		BE648FD6239F57BE00EB28E9 /* MtgTraders */ = {
			isa = PBXNativeTarget;
			buildConfigurationList = BE648FEB239F57C200EB28E9 /* Build configuration list for PBXNativeTarget "MtgTraders" */;
			buildPhases = (
				BE648FD3239F57BE00EB28E9 /* Sources */,
				BE648FD4239F57BE00EB28E9 /* Frameworks */,
				BE648FD5239F57BE00EB28E9 /* Resources */,
			);
			buildRules = (
			);
			dependencies = (
			);
			name = MtgTraders;
			productName = MtgTraders;
			productReference = BE648FD7239F57BE00EB28E9 /* MtgTraders.app */;
			productType = "com.apple.product-type.application";
		};
/* End PBXNativeTarget section */

/* Begin PBXProject section */
		BE648FCF239F57BE00EB28E9 /* Project object */ = {
			isa = PBXProject;
			attributes = {
				LastSwiftUpdateCheck = 1120;
				LastUpgradeCheck = 1120;
				ORGANIZATIONNAME = "Matthew Patterson";
				TargetAttributes = {
					BE648FD6239F57BE00EB28E9 = {
						CreatedOnToolsVersion = 11.2.1;
					};
				};
			};
			buildConfigurationList = BE648FD2239F57BE00EB28E9 /* Build configuration list for PBXProject "MtgTraders" */;
			compatibilityVersion = "Xcode 9.3";
			developmentRegion = en;
			hasScannedForEncodings = 0;
			knownRegions = (
				en,
				Base,
			);
			mainGroup = BE648FCE239F57BE00EB28E9;
			productRefGroup = BE648FD8239F57BE00EB28E9 /* Products */;
			projectDirPath = "";
			projectRoot = "";
			targets = (
				BE648FD6239F57BE00EB28E9 /* MtgTraders */,
			);
		};
/* End PBXProject section */

/* Begin PBXResourcesBuildPhase section */
		BE648FD5239F57BE00EB28E9 /* Resources */ = {
			isa = PBXResourcesBuildPhase;
			buildActionMask = 2147483647;
			files = (
				BE648FE7239F57C200EB28E9 /* LaunchScreen.storyboard in Resources */,
				BE648FE4239F57C200EB28E9 /* Assets.xcassets in Resources */,
				BE648FE2239F57BE00EB28E9 /* Main.storyboard in Resources */,
			);
			runOnlyForDeploymentPostprocessing = 0;
		};
/* End PBXResourcesBuildPhase section */

/* Begin PBXSourcesBuildPhase section */
		BE648FD3239F57BE00EB28E9 /* Sources */ = {
			isa = PBXSourcesBuildPhase;
			buildActionMask = 2147483647;
			files = (
				BE648FF7239F628600EB28E9 /* Set.swift in Sources */,
				BE648FDF239F57BE00EB28E9 /* ViewController.swift in Sources */,
				BE648FF3239F5DB600EB28E9 /* Card.swift in Sources */,
				BE70862A23A2208600959FDE /* TradeViewController.swift in Sources */,
				BEFACC8223A0194F002B153F /* Cards.swift in Sources */,
				BE648FDB239F57BE00EB28E9 /* AppDelegate.swift in Sources */,
				BE648FDD239F57BE00EB28E9 /* SceneDelegate.swift in Sources */,
				BE6648E923A14B1E00E5D2E8 /* SearchTableViewController.swift in Sources */,
				BE648FFB239F7EC000EB28E9 /* DetailViewController.swift in Sources */,
				BE6648EB23A14EAC00E5D2E8 /* Model.swift in Sources */,
				BEFACC8423A031B7002B153F /* ExpansionViewController.swift in Sources */,
				BE648FF9239F638400EB28E9 /* Sets.swift in Sources */,
			);
			runOnlyForDeploymentPostprocessing = 0;
		};
/* End PBXSourcesBuildPhase section */

/* Begin PBXVariantGroup section */
		BE648FE0239F57BE00EB28E9 /* Main.storyboard */ = {
			isa = PBXVariantGroup;
			children = (
				BE648FE1239F57BE00EB28E9 /* Base */,
			);
			name = Main.storyboard;
			sourceTree = "<group>";
		};
		BE648FE5239F57C200EB28E9 /* LaunchScreen.storyboard */ = {
			isa = PBXVariantGroup;
			children = (
				BE648FE6239F57C200EB28E9 /* Base */,
			);
			name = LaunchScreen.storyboard;
			sourceTree = "<group>";
		};
/* End PBXVariantGroup section */

/* Begin XCBuildConfiguration section */
		BE648FE9239F57C200EB28E9 /* Debug */ = {
			isa = XCBuildConfiguration;
			buildSettings = {
				ALWAYS_SEARCH_USER_PATHS = NO;
				CLANG_ANALYZER_NONNULL = YES;
				CLANG_ANALYZER_NUMBER_OBJECT_CONVERSION = YES_AGGRESSIVE;
				CLANG_CXX_LANGUAGE_STANDARD = "gnu++14";
				CLANG_CXX_LIBRARY = "libc++";
				CLANG_ENABLE_MODULES = YES;
				CLANG_ENABLE_OBJC_ARC = YES;
				CLANG_ENABLE_OBJC_WEAK = YES;
				CLANG_WARN_BLOCK_CAPTURE_AUTORELEASING = YES;
				CLANG_WARN_BOOL_CONVERSION = YES;
				CLANG_WARN_COMMA = YES;
				CLANG_WARN_CONSTANT_CONVERSION = YES;
				CLANG_WARN_DEPRECATED_OBJC_IMPLEMENTATIONS = YES;
				CLANG_WARN_DIRECT_OBJC_ISA_USAGE = YES_ERROR;
				CLANG_WARN_DOCUMENTATION_COMMENTS = YES;
				CLANG_WARN_EMPTY_BODY = YES;
				CLANG_WARN_ENUM_CONVERSION = YES;
				CLANG_WARN_INFINITE_RECURSION = YES;
				CLANG_WARN_INT_CONVERSION = YES;
				CLANG_WARN_NON_LITERAL_NULL_CONVERSION = YES;
				CLANG_WARN_OBJC_IMPLICIT_RETAIN_SELF = YES;
				CLANG_WARN_OBJC_LITERAL_CONVERSION = YES;
				CLANG_WARN_OBJC_ROOT_CLASS = YES_ERROR;
				CLANG_WARN_RANGE_LOOP_ANALYSIS = YES;
				CLANG_WARN_STRICT_PROTOTYPES = YES;
				CLANG_WARN_SUSPICIOUS_MOVE = YES;
				CLANG_WARN_UNGUARDED_AVAILABILITY = YES_AGGRESSIVE;
				CLANG_WARN_UNREACHABLE_CODE = YES;
				CLANG_WARN__DUPLICATE_METHOD_MATCH = YES;
				COPY_PHASE_STRIP = NO;
				DEBUG_INFORMATION_FORMAT = dwarf;
				ENABLE_STRICT_OBJC_MSGSEND = YES;
				ENABLE_TESTABILITY = YES;
				GCC_C_LANGUAGE_STANDARD = gnu11;
				GCC_DYNAMIC_NO_PIC = NO;
				GCC_NO_COMMON_BLOCKS = YES;
				GCC_OPTIMIZATION_LEVEL = 0;
				GCC_PREPROCESSOR_DEFINITIONS = (
					"DEBUG=1",
					"$(inherited)",
				);
				GCC_WARN_64_TO_32_BIT_CONVERSION = YES;
				GCC_WARN_ABOUT_RETURN_TYPE = YES_ERROR;
				GCC_WARN_UNDECLARED_SELECTOR = YES;
				GCC_WARN_UNINITIALIZED_AUTOS = YES_AGGRESSIVE;
				GCC_WARN_UNUSED_FUNCTION = YES;
				GCC_WARN_UNUSED_VARIABLE = YES;
				IPHONEOS_DEPLOYMENT_TARGET = 13.2;
				MTL_ENABLE_DEBUG_INFO = INCLUDE_SOURCE;
				MTL_FAST_MATH = YES;
				ONLY_ACTIVE_ARCH = YES;
				SDKROOT = iphoneos;
				SWIFT_ACTIVE_COMPILATION_CONDITIONS = DEBUG;
				SWIFT_OPTIMIZATION_LEVEL = "-Onone";
			};
			name = Debug;
		};
		BE648FEA239F57C200EB28E9 /* Release */ = {
			isa = XCBuildConfiguration;
			buildSettings = {
				ALWAYS_SEARCH_USER_PATHS = NO;
				CLANG_ANALYZER_NONNULL = YES;
				CLANG_ANALYZER_NUMBER_OBJECT_CONVERSION = YES_AGGRESSIVE;
				CLANG_CXX_LANGUAGE_STANDARD = "gnu++14";
				CLANG_CXX_LIBRARY = "libc++";
				CLANG_ENABLE_MODULES = YES;
				CLANG_ENABLE_OBJC_ARC = YES;
				CLANG_ENABLE_OBJC_WEAK = YES;
				CLANG_WARN_BLOCK_CAPTURE_AUTORELEASING = YES;
				CLANG_WARN_BOOL_CONVERSION = YES;
				CLANG_WARN_COMMA = YES;
				CLANG_WARN_CONSTANT_CONVERSION = YES;
				CLANG_WARN_DEPRECATED_OBJC_IMPLEMENTATIONS = YES;
				CLANG_WARN_DIRECT_OBJC_ISA_USAGE = YES_ERROR;
				CLANG_WARN_DOCUMENTATION_COMMENTS = YES;
				CLANG_WARN_EMPTY_BODY = YES;
				CLANG_WARN_ENUM_CONVERSION = YES;
				CLANG_WARN_INFINITE_RECURSION = YES;
				CLANG_WARN_INT_CONVERSION = YES;
				CLANG_WARN_NON_LITERAL_NULL_CONVERSION = YES;
				CLANG_WARN_OBJC_IMPLICIT_RETAIN_SELF = YES;
				CLANG_WARN_OBJC_LITERAL_CONVERSION = YES;
				CLANG_WARN_OBJC_ROOT_CLASS = YES_ERROR;
				CLANG_WARN_RANGE_LOOP_ANALYSIS = YES;
				CLANG_WARN_STRICT_PROTOTYPES = YES;
				CLANG_WARN_SUSPICIOUS_MOVE = YES;
				CLANG_WARN_UNGUARDED_AVAILABILITY = YES_AGGRESSIVE;
				CLANG_WARN_UNREACHABLE_CODE = YES;
				CLANG_WARN__DUPLICATE_METHOD_MATCH = YES;
				COPY_PHASE_STRIP = NO;
				DEBUG_INFORMATION_FORMAT = "dwarf-with-dsym";
				ENABLE_NS_ASSERTIONS = NO;
				ENABLE_STRICT_OBJC_MSGSEND = YES;
				GCC_C_LANGUAGE_STANDARD = gnu11;
				GCC_NO_COMMON_BLOCKS = YES;
				GCC_WARN_64_TO_32_BIT_CONVERSION = YES;
				GCC_WARN_ABOUT_RETURN_TYPE = YES_ERROR;
				GCC_WARN_UNDECLARED_SELECTOR = YES;
				GCC_WARN_UNINITIALIZED_AUTOS = YES_AGGRESSIVE;
				GCC_WARN_UNUSED_FUNCTION = YES;
				GCC_WARN_UNUSED_VARIABLE = YES;
				IPHONEOS_DEPLOYMENT_TARGET = 13.2;
				MTL_ENABLE_DEBUG_INFO = NO;
				MTL_FAST_MATH = YES;
				SDKROOT = iphoneos;
				SWIFT_COMPILATION_MODE = wholemodule;
				SWIFT_OPTIMIZATION_LEVEL = "-O";
				VALIDATE_PRODUCT = YES;
			};
			name = Release;
		};
		BE648FEC239F57C200EB28E9 /* Debug */ = {
			isa = XCBuildConfiguration;
			buildSettings = {
				ASSETCATALOG_COMPILER_APPICON_NAME = AppIcon;
				CODE_SIGN_STYLE = Automatic;
				DEVELOPMENT_TEAM = C8WBR8P7KX;
				INFOPLIST_FILE = MtgTraders/Info.plist;
				LD_RUNPATH_SEARCH_PATHS = (
					"$(inherited)",
					"@executable_path/Frameworks",
				);
				PRODUCT_BUNDLE_IDENTIFIER = Matt211.MtgTraders;
				PRODUCT_NAME = "$(TARGET_NAME)";
				SWIFT_VERSION = 5.0;
				TARGETED_DEVICE_FAMILY = "1,2";
			};
			name = Debug;
		};
		BE648FED239F57C200EB28E9 /* Release */ = {
			isa = XCBuildConfiguration;
			buildSettings = {
				ASSETCATALOG_COMPILER_APPICON_NAME = AppIcon;
				CODE_SIGN_STYLE = Automatic;
				DEVELOPMENT_TEAM = C8WBR8P7KX;
				INFOPLIST_FILE = MtgTraders/Info.plist;
				LD_RUNPATH_SEARCH_PATHS = (
					"$(inherited)",
					"@executable_path/Frameworks",
				);
				PRODUCT_BUNDLE_IDENTIFIER = Matt211.MtgTraders;
				PRODUCT_NAME = "$(TARGET_NAME)";
				SWIFT_VERSION = 5.0;
				TARGETED_DEVICE_FAMILY = "1,2";
			};
			name = Release;
		};
/* End XCBuildConfiguration section */

/* Begin XCConfigurationList section */
		BE648FD2239F57BE00EB28E9 /* Build configuration list for PBXProject "MtgTraders" */ = {
			isa = XCConfigurationList;
			buildConfigurations = (
				BE648FE9239F57C200EB28E9 /* Debug */,
				BE648FEA239F57C200EB28E9 /* Release */,
			);
			defaultConfigurationIsVisible = 0;
			defaultConfigurationName = Release;
		};
		BE648FEB239F57C200EB28E9 /* Build configuration list for PBXNativeTarget "MtgTraders" */ = {
			isa = XCConfigurationList;
			buildConfigurations = (
				BE648FEC239F57C200EB28E9 /* Debug */,
				BE648FED239F57C200EB28E9 /* Release */,
			);
			defaultConfigurationIsVisible = 0;
			defaultConfigurationName = Release;
		};
/* End XCConfigurationList section */
	};
	rootObject = BE648FCF239F57BE00EB28E9 /* Project object */;
}
